// !$*UTF8*$!
{
	archiveVersion = 1;
	classes = {
	};
	objectVersion = 50;
	objects = {

/* Begin PBXBuildFile section */
		7913A4A222C6463300266B73 /* AppDelegate.swift in Sources */ = {isa = PBXBuildFile; fileRef = 7913A4A122C6463300266B73 /* AppDelegate.swift */; };
		7913A4A422C6463300266B73 /* ConcentrationViewController.swift in Sources */ = {isa = PBXBuildFile; fileRef = 7913A4A322C6463300266B73 /* ConcentrationViewController.swift */; };
		7913A4A722C6463300266B73 /* Main.storyboard in Resources */ = {isa = PBXBuildFile; fileRef = 7913A4A522C6463300266B73 /* Main.storyboard */; };
		7913A4A922C6463300266B73 /* Assets.xcassets in Resources */ = {isa = PBXBuildFile; fileRef = 7913A4A822C6463300266B73 /* Assets.xcassets */; };
		7913A4AC22C6463300266B73 /* LaunchScreen.storyboard in Resources */ = {isa = PBXBuildFile; fileRef = 7913A4AA22C6463300266B73 /* LaunchScreen.storyboard */; };
		7913A4B522CA5A7C00266B73 /* Concentration.swift in Sources */ = {isa = PBXBuildFile; fileRef = 7913A4B422CA5A7C00266B73 /* Concentration.swift */; };
		7913A4B722CA5B6000266B73 /* Card.swift in Sources */ = {isa = PBXBuildFile; fileRef = 7913A4B622CA5B6000266B73 /* Card.swift */; };
		79A4B98B231312340093A12A /* ViewControllerLifecycleLoggingViewController.swift in Sources */ = {isa = PBXBuildFile; fileRef = 79A4B98A231312340093A12A /* ViewControllerLifecycleLoggingViewController.swift */; };
		79CDF292230875FB0071DC81 /* ConcentrationThemeChooseViewController.swift in Sources */ = {isa = PBXBuildFile; fileRef = 79CDF291230875FB0071DC81 /* ConcentrationThemeChooseViewController.swift */; };
/* End PBXBuildFile section */

/* Begin PBXFileReference section */
		7913A49E22C6463300266B73 /* ConcentrationGame.app */ = {isa = PBXFileReference; explicitFileType = wrapper.application; includeInIndex = 0; path = ConcentrationGame.app; sourceTree = BUILT_PRODUCTS_DIR; };
		7913A4A122C6463300266B73 /* AppDelegate.swift */ = {isa = PBXFileReference; lastKnownFileType = sourcecode.swift; path = AppDelegate.swift; sourceTree = "<group>"; };
		7913A4A322C6463300266B73 /* ConcentrationViewController.swift */ = {isa = PBXFileReference; lastKnownFileType = sourcecode.swift; path = ConcentrationViewController.swift; sourceTree = "<group>"; };
		7913A4A622C6463300266B73 /* Base */ = {isa = PBXFileReference; lastKnownFileType = file.storyboard; name = Base; path = Base.lproj/Main.storyboard; sourceTree = "<group>"; };
		7913A4A822C6463300266B73 /* Assets.xcassets */ = {isa = PBXFileReference; lastKnownFileType = folder.assetcatalog; path = Assets.xcassets; sourceTree = "<group>"; };
		7913A4AB22C6463300266B73 /* Base */ = {isa = PBXFileReference; lastKnownFileType = file.storyboard; name = Base; path = Base.lproj/LaunchScreen.storyboard; sourceTree = "<group>"; };
		7913A4AD22C6463300266B73 /* Info.plist */ = {isa = PBXFileReference; lastKnownFileType = text.plist.xml; path = Info.plist; sourceTree = "<group>"; };
		7913A4B422CA5A7C00266B73 /* Concentration.swift */ = {isa = PBXFileReference; lastKnownFileType = sourcecode.swift; path = Concentration.swift; sourceTree = "<group>"; };
		7913A4B622CA5B6000266B73 /* Card.swift */ = {isa = PBXFileReference; lastKnownFileType = sourcecode.swift; path = Card.swift; sourceTree = "<group>"; };
		79A4B98A231312340093A12A /* ViewControllerLifecycleLoggingViewController.swift */ = {isa = PBXFileReference; lastKnownFileType = sourcecode.swift; path = ViewControllerLifecycleLoggingViewController.swift; sourceTree = "<group>"; };
		79CDF291230875FB0071DC81 /* ConcentrationThemeChooseViewController.swift */ = {isa = PBXFileReference; lastKnownFileType = sourcecode.swift; path = ConcentrationThemeChooseViewController.swift; sourceTree = "<group>"; };
/* End PBXFileReference section */

/* Begin PBXFrameworksBuildPhase section */
		7913A49B22C6463300266B73 /* Frameworks */ = {
			isa = PBXFrameworksBuildPhase;
			buildActionMask = 2147483647;
			files = (
			);
			runOnlyForDeploymentPostprocessing = 0;
		};
/* End PBXFrameworksBuildPhase section */

/* Begin PBXGroup section */
		7913A49522C6463300266B73 = {
			isa = PBXGroup;
			children = (
				7913A4A022C6463300266B73 /* ConcentrationGame */,
				7913A49F22C6463300266B73 /* Products */,
			);
			sourceTree = "<group>";
		};
		7913A49F22C6463300266B73 /* Products */ = {
			isa = PBXGroup;
			children = (
				7913A49E22C6463300266B73 /* ConcentrationGame.app */,
			);
			name = Products;
			sourceTree = "<group>";
		};
		7913A4A022C6463300266B73 /* ConcentrationGame */ = {
			isa = PBXGroup;
			children = (
				7913A4B322C6475A00266B73 /* Supporting Files */,
				7913A4A322C6463300266B73 /* ConcentrationViewController.swift */,
				7913A4A522C6463300266B73 /* Main.storyboard */,
				79CDF291230875FB0071DC81 /* ConcentrationThemeChooseViewController.swift */,
				7913A4AD22C6463300266B73 /* Info.plist */,
				7913A4B422CA5A7C00266B73 /* Concentration.swift */,
				7913A4B622CA5B6000266B73 /* Card.swift */,
				79A4B98A231312340093A12A /* ViewControllerLifecycleLoggingViewController.swift */,
			);
			path = ConcentrationGame;
			sourceTree = "<group>";
		};
		7913A4B322C6475A00266B73 /* Supporting Files */ = {
			isa = PBXGroup;
			children = (
				7913A4A122C6463300266B73 /* AppDelegate.swift */,
				7913A4A822C6463300266B73 /* Assets.xcassets */,
				7913A4AA22C6463300266B73 /* LaunchScreen.storyboard */,
			);
			path = "Supporting Files";
			sourceTree = "<group>";
		};
/* End PBXGroup section */

/* Begin PBXNativeTarget section */
		7913A49D22C6463300266B73 /* ConcentrationGame */ = {
			isa = PBXNativeTarget;
			buildConfigurationList = 7913A4B022C6463300266B73 /* Build configuration list for PBXNativeTarget "ConcentrationGame" */;
			buildPhases = (
				7913A49A22C6463300266B73 /* Sources */,
				7913A49B22C6463300266B73 /* Frameworks */,
				7913A49C22C6463300266B73 /* Resources */,
			);
			buildRules = (
			);
			dependencies = (
			);
			name = ConcentrationGame;
			productName = ConcentrationGame;
			productReference = 7913A49E22C6463300266B73 /* ConcentrationGame.app */;
			productType = "com.apple.product-type.application";
		};
/* End PBXNativeTarget section */

/* Begin PBXProject section */
		7913A49622C6463300266B73 /* Project object */ = {
			isa = PBXProject;
			attributes = {
				LastSwiftUpdateCheck = 1020;
				LastUpgradeCheck = 1020;
				ORGANIZATIONNAME = "Dylan Perry";
				TargetAttributes = {
					7913A49D22C6463300266B73 = {
						CreatedOnToolsVersion = 10.2.1;
					};
				};
			};
			buildConfigurationList = 7913A49922C6463300266B73 /* Build configuration list for PBXProject "ConcentrationGame" */;
			compatibilityVersion = "Xcode 9.3";
			developmentRegion = en;
			hasScannedForEncodings = 0;
			knownRegions = (
				en,
				Base,
			);
			mainGroup = 7913A49522C6463300266B73;
			productRefGroup = 7913A49F22C6463300266B73 /* Products */;
			projectDirPath = "";
			projectRoot = "";
			targets = (
				7913A49D22C6463300266B73 /* ConcentrationGame */,
			);
		};
/* End PBXProject section */

/* Begin PBXResourcesBuildPhase section */
		7913A49C22C6463300266B73 /* Resources */ = {
			isa = PBXResourcesBuildPhase;
			buildActionMask = 2147483647;
			files = (
				7913A4AC22C6463300266B73 /* LaunchScreen.storyboard in Resources */,
				7913A4A922C6463300266B73 /* Assets.xcassets in Resources */,
				7913A4A722C6463300266B73 /* Main.storyboard in Resources */,
			);
			runOnlyForDeploymentPostprocessing = 0;
		};
/* End PBXResourcesBuildPhase section */

/* Begin PBXSourcesBuildPhase section */
		7913A49A22C6463300266B73 /* Sources */ = {
			isa = PBXSourcesBuildPhase;
			buildActionMask = 2147483647;
			files = (
				79CDF292230875FB0071DC81 /* ConcentrationThemeChooseViewController.swift in Sources */,
				7913A4A422C6463300266B73 /* ConcentrationViewController.swift in Sources */,
				79A4B98B231312340093A12A /* ViewControllerLifecycleLoggingViewController.swift in Sources */,
				7913A4A222C6463300266B73 /* AppDelegate.swift in Sources */,
				7913A4B522CA5A7C00266B73 /* Concentration.swift in Sources */,
				7913A4B722CA5B6000266B73 /* Card.swift in Sources */,
			);
			runOnlyForDeploymentPostprocessing = 0;
		};
/* End PBXSourcesBuildPhase section */

/* Begin PBXVariantGroup section */
		7913A4A522C6463300266B73 /* Main.storyboard */ = {
			isa = PBXVariantGroup;
			children = (
				7913A4A622C6463300266B73 /* Base */,
			);
			name = Main.storyboard;
			sourceTree = "<group>";
		};
		7913A4AA22C6463300266B73 /* LaunchScreen.storyboard */ = {
			isa = PBXVariantGroup;
			children = (
				7913A4AB22C6463300266B73 /* Base */,
			);
			name = LaunchScreen.storyboard;
			sourceTree = "<group>";
		};
/* End PBXVariantGroup section */

/* Begin XCBuildConfiguration section */
		7913A4AE22C6463300266B73 /* Debug */ = {
			isa = XCBuildConfiguration;
			buildSettings = {
				ALWAYS_SEARCH_USER_PATHS = NO;
				CLANG_ANALYZER_NONNULL = YES;
				CLANG_ANALYZER_NUMBER_OBJECT_CONVERSION = YES_AGGRESSIVE;
				CLANG_CXX_LANGUAGE_STANDARD = "gnu++14";
				CLANG_CXX_LIBRARY = "libc++";
				CLANG_ENABLE_MODULES = YES;
				CLANG_ENABLE_OBJC_ARC = YES;
				CLANG_ENABLE_OBJC_WEAK = YES;
				CLANG_WARN_BLOCK_CAPTURE_AUTORELEASING = YES;
				CLANG_WARN_BOOL_CONVERSION = YES;
				CLANG_WARN_COMMA = YES;
				CLANG_WARN_CONSTANT_CONVERSION = YES;
				CLANG_WARN_DEPRECATED_OBJC_IMPLEMENTATIONS = YES;
				CLANG_WARN_DIRECT_OBJC_ISA_USAGE = YES_ERROR;
				CLANG_WARN_DOCUMENTATION_COMMENTS = YES;
				CLANG_WARN_EMPTY_BODY = YES;
				CLANG_WARN_ENUM_CONVERSION = YES;
				CLANG_WARN_INFINITE_RECURSION = YES;
				CLANG_WARN_INT_CONVERSION = YES;
				CLANG_WARN_NON_LITERAL_NULL_CONVERSION = YES;
				CLANG_WARN_OBJC_IMPLICIT_RETAIN_SELF = YES;
				CLANG_WARN_OBJC_LITERAL_CONVERSION = YES;
				CLANG_WARN_OBJC_ROOT_CLASS = YES_ERROR;
				CLANG_WARN_RANGE_LOOP_ANALYSIS = YES;
				CLANG_WARN_STRICT_PROTOTYPES = YES;
				CLANG_WARN_SUSPICIOUS_MOVE = YES;
				CLANG_WARN_UNGUARDED_AVAILABILITY = YES_AGGRESSIVE;
				CLANG_WARN_UNREACHABLE_CODE = YES;
				CLANG_WARN__DUPLICATE_METHOD_MATCH = YES;
				CODE_SIGN_IDENTITY = "iPhone Developer";
				COPY_PHASE_STRIP = NO;
				DEBUG_INFORMATION_FORMAT = dwarf;
				ENABLE_STRICT_OBJC_MSGSEND = YES;
				ENABLE_TESTABILITY = YES;
				GCC_C_LANGUAGE_STANDARD = gnu11;
				GCC_DYNAMIC_NO_PIC = NO;
				GCC_NO_COMMON_BLOCKS = YES;
				GCC_OPTIMIZATION_LEVEL = 0;
				GCC_PREPROCESSOR_DEFINITIONS = (
					"DEBUG=1",
					"$(inherited)",
				);
				GCC_WARN_64_TO_32_BIT_CONVERSION = YES;
				GCC_WARN_ABOUT_RETURN_TYPE = YES_ERROR;
				GCC_WARN_UNDECLARED_SELECTOR = YES;
				GCC_WARN_UNINITIALIZED_AUTOS = YES_AGGRESSIVE;
				GCC_WARN_UNUSED_FUNCTION = YES;
				GCC_WARN_UNUSED_VARIABLE = YES;
				IPHONEOS_DEPLOYMENT_TARGET = 12.2;
				MTL_ENABLE_DEBUG_INFO = INCLUDE_SOURCE;
				MTL_FAST_MATH = YES;
				ONLY_ACTIVE_ARCH = YES;
				SDKROOT = iphoneos;
				SWIFT_ACTIVE_COMPILATION_CONDITIONS = DEBUG;
				SWIFT_OPTIMIZATION_LEVEL = "-Onone";
			};
			name = Debug;
		};
		7913A4AF22C6463300266B73 /* Release */ = {
			isa = XCBuildConfiguration;
			buildSettings = {
				ALWAYS_SEARCH_USER_PATHS = NO;
				CLANG_ANALYZER_NONNULL = YES;
				CLANG_ANALYZER_NUMBER_OBJECT_CONVERSION = YES_AGGRESSIVE;
				CLANG_CXX_LANGUAGE_STANDARD = "gnu++14";
				CLANG_CXX_LIBRARY = "libc++";
				CLANG_ENABLE_MODULES = YES;
				CLANG_ENABLE_OBJC_ARC = YES;
				CLANG_ENABLE_OBJC_WEAK = YES;
				CLANG_WARN_BLOCK_CAPTURE_AUTORELEASING = YES;
				CLANG_WARN_BOOL_CONVERSION = YES;
				CLANG_WARN_COMMA = YES;
				CLANG_WARN_CONSTANT_CONVERSION = YES;
				CLANG_WARN_DEPRECATED_OBJC_IMPLEMENTATIONS = YES;
				CLANG_WARN_DIRECT_OBJC_ISA_USAGE = YES_ERROR;
				CLANG_WARN_DOCUMENTATION_COMMENTS = YES;
				CLANG_WARN_EMPTY_BODY = YES;
				CLANG_WARN_ENUM_CONVERSION = YES;
				CLANG_WARN_INFINITE_RECURSION = YES;
				CLANG_WARN_INT_CONVERSION = YES;
				CLANG_WARN_NON_LITERAL_NULL_CONVERSION = YES;
				CLANG_WARN_OBJC_IMPLICIT_RETAIN_SELF = YES;
				CLANG_WARN_OBJC_LITERAL_CONVERSION = YES;
				CLANG_WARN_OBJC_ROOT_CLASS = YES_ERROR;
				CLANG_WARN_RANGE_LOOP_ANALYSIS = YES;
				CLANG_WARN_STRICT_PROTOTYPES = YES;
				CLANG_WARN_SUSPICIOUS_MOVE = YES;
				CLANG_WARN_UNGUARDED_AVAILABILITY = YES_AGGRESSIVE;
				CLANG_WARN_UNREACHABLE_CODE = YES;
				CLANG_WARN__DUPLICATE_METHOD_MATCH = YES;
				CODE_SIGN_IDENTITY = "iPhone Developer";
				COPY_PHASE_STRIP = NO;
				DEBUG_INFORMATION_FORMAT = "dwarf-with-dsym";
				ENABLE_NS_ASSERTIONS = NO;
				ENABLE_STRICT_OBJC_MSGSEND = YES;
				GCC_C_LANGUAGE_STANDARD = gnu11;
				GCC_NO_COMMON_BLOCKS = YES;
				GCC_WARN_64_TO_32_BIT_CONVERSION = YES;
				GCC_WARN_ABOUT_RETURN_TYPE = YES_ERROR;
				GCC_WARN_UNDECLARED_SELECTOR = YES;
				GCC_WARN_UNINITIALIZED_AUTOS = YES_AGGRESSIVE;
				GCC_WARN_UNUSED_FUNCTION = YES;
				GCC_WARN_UNUSED_VARIABLE = YES;
				IPHONEOS_DEPLOYMENT_TARGET = 12.2;
				MTL_ENABLE_DEBUG_INFO = NO;
				MTL_FAST_MATH = YES;
				SDKROOT = iphoneos;
				SWIFT_COMPILATION_MODE = wholemodule;
				SWIFT_OPTIMIZATION_LEVEL = "-O";
				VALIDATE_PRODUCT = YES;
			};
			name = Release;
		};
		7913A4B122C6463300266B73 /* Debug */ = {
			isa = XCBuildConfiguration;
			buildSettings = {
				ASSETCATALOG_COMPILER_APPICON_NAME = AppIcon;
				CODE_SIGN_STYLE = Automatic;
				INFOPLIST_FILE = ConcentrationGame/Info.plist;
				LD_RUNPATH_SEARCH_PATHS = (
					"$(inherited)",
					"@executable_path/Frameworks",
				);
				PRODUCT_BUNDLE_IDENTIFIER = stanfordiOSCourse.ConcentrationGame;
				PRODUCT_NAME = "$(TARGET_NAME)";
				SWIFT_VERSION = 5.0;
				TARGETED_DEVICE_FAMILY = "1,2";
			};
			name = Debug;
		};
		7913A4B222C6463300266B73 /* Release */ = {
			isa = XCBuildConfiguration;
			buildSettings = {
				ASSETCATALOG_COMPILER_APPICON_NAME = AppIcon;
				CODE_SIGN_STYLE = Automatic;
				INFOPLIST_FILE = ConcentrationGame/Info.plist;
				LD_RUNPATH_SEARCH_PATHS = (
					"$(inherited)",
					"@executable_path/Frameworks",
				);
				PRODUCT_BUNDLE_IDENTIFIER = stanfordiOSCourse.ConcentrationGame;
				PRODUCT_NAME = "$(TARGET_NAME)";
				SWIFT_VERSION = 5.0;
				TARGETED_DEVICE_FAMILY = "1,2";
			};
			name = Release;
		};
/* End XCBuildConfiguration section */

/* Begin XCConfigurationList section */
		7913A49922C6463300266B73 /* Build configuration list for PBXProject "ConcentrationGame" */ = {
			isa = XCConfigurationList;
			buildConfigurations = (
				7913A4AE22C6463300266B73 /* Debug */,
				7913A4AF22C6463300266B73 /* Release */,
			);
			defaultConfigurationIsVisible = 0;
			defaultConfigurationName = Release;
		};
		7913A4B022C6463300266B73 /* Build configuration list for PBXNativeTarget "ConcentrationGame" */ = {
			isa = XCConfigurationList;
			buildConfigurations = (
				7913A4B122C6463300266B73 /* Debug */,
				7913A4B222C6463300266B73 /* Release */,
			);
			defaultConfigurationIsVisible = 0;
			defaultConfigurationName = Release;
		};
/* End XCConfigurationList section */
	};
	rootObject = 7913A49622C6463300266B73 /* Project object */;
}
